{
  "version": 4,
  "terraform_version": "1.7.3",
  "serial": 3,
  "lineage": "0d29c512-e403-da3d-f522-862710ca1df6",
  "outputs": {},
  "resources": [
    {
      "mode": "managed",
      "type": "ibm_resource_group",
      "name": "borg-rg",
      "provider": "provider[\"registry.terraform.io/ibm-cloud/ibm\"]",
      "instances": [
        {
          "schema_version": 0,
          "attributes": {
            "created_at": "2024-02-19T16:27:38.137Z",
            "crn": "crn:v1:bluemix:public:resource-controller::a/c6295d51c6044588a2434bf4ccbfb518::resource-group:2baa3571eeed4ada90749da395b98cd1",
            "default": false,
            "id": "2baa3571eeed4ada90749da395b98cd1",
            "name": "borg-rg",
            "payment_methods_url": null,
            "quota_id": "a3d7b8d01e261c24677937c29ab33f3c",
            "quota_url": "/v2/quota_definitions/a3d7b8d01e261c24677937c29ab33f3c",
            "resource_linkages": [],
            "state": "ACTIVE",
            "tags": null,
            "teams_url": null,
            "updated_at": "2024-02-19T16:27:38.137Z"
          },
          "sensitive_attributes": [],
          "private": "bnVsbA=="
        }
      ]
    }
  ],
  "check_results": null
}
